
Microsoft Visual Studio Solution File, Format Version 12.00
# Visual Studio Version 16
VisualStudioVersion = 16.0.29418.71
MinimumVisualStudioVersion = 10.0.40219.1
Project("{FAE04EC0-301F-11D3-BF4B-00C04F79EFBC}") = "ngSurveyor", "ngSurveyor\ngSurveyor.csproj", "{6937F9B7-FE40-4963-803A-728BDEC829FF}"
EndProject
Global
	GlobalSection(SolutionConfigurationPlatforms) = preSolution
		Debug|Any CPU = Debug|Any CPU
		Release|Any CPU = Release|Any CPU
	EndGlobalSection
	GlobalSection(ProjectConfigurationPlatforms) = postSolution
		{6937F9B7-FE40-4963-803A-728BDEC829FF}.Debug|Any CPU.ActiveCfg = Debug|Any CPU
		{6937F9B7-FE40-4963-803A-728BDEC829FF}.Debug|Any CPU.Build.0 = Debug|Any CPU
		{6937F9B7-FE40-4963-803A-728BDEC829FF}.Release|Any CPU.ActiveCfg = Release|Any CPU
		{6937F9B7-FE40-4963-803A-728BDEC829FF}.Release|Any CPU.Build.0 = Release|Any CPU
	EndGlobalSection
	GlobalSection(SolutionProperties) = preSolution
		HideSolutionNode = FALSE
	EndGlobalSection
	GlobalSection(ExtensibilityGlobals) = postSolution
		SolutionGuid = {387BFBF1-66A2-4866-9E6D-B2D2C06A368B}
	EndGlobalSection
EndGlobal
